
Microsoft Visual Studio Solution File, Format Version 12.00
# Visual Studio 15
VisualStudioVersion = 15.0.27428.2043
MinimumVisualStudioVersion = 10.0.40219.1
Project("{888888A0-9F3D-457C-B088-3A5042F75D52}") = "BSgenerator", "BSgenerator\BSgenerator.pyproj", "{E8D30369-1E62-47EA-82E9-B3ABB4E4B72D}"
EndProject
Global
	GlobalSection(SolutionConfigurationPlatforms) = preSolution
		Debug|Any CPU = Debug|Any CPU
		Release|Any CPU = Release|Any CPU
	EndGlobalSection
	GlobalSection(ProjectConfigurationPlatforms) = postSolution
		{E8D30369-1E62-47EA-82E9-B3ABB4E4B72D}.Debug|Any CPU.ActiveCfg = Debug|Any CPU
		{E8D30369-1E62-47EA-82E9-B3ABB4E4B72D}.Release|Any CPU.ActiveCfg = Release|Any CPU
	EndGlobalSection
	GlobalSection(SolutionProperties) = preSolution
		HideSolutionNode = FALSE
	EndGlobalSection
	GlobalSection(ExtensibilityGlobals) = postSolution
		SolutionGuid = {358E52C6-62A3-41B3-B7BD-D500C92F6144}
	EndGlobalSection
EndGlobal
